{
  "lockfile-version": 1,
  "manifest": {
    "version": 1,
    "install": {
      "claude-code": {
        "pkg-path": "claude-code",
        "version": "^2.1.104"
      },
      "go": {
        "pkg-path": "go",
        "version": "^1.26.1"
      },
      "go-task": {
        "pkg-path": "go-task",
        "version": "^3.48.0"
      },
      "golangci-lint": {
        "pkg-path": "golangci-lint",
        "version": "^2.11.4"
      },
      "goreleaser": {
        "pkg-path": "goreleaser",
        "version": "^2.15.2"
      },
      "markdownlint-cli": {
        "pkg-path": "markdownlint-cli",
        "version": "0.48.0"
      },
      "prettier": {
        "pkg-path": "prettier",
        "version": "^3.6.2"
      }
    },
    "hook": {
      "on-activate": "  export GOENV=\"$FLOX_ENV_CACHE/goenv\"\n  export PATH=\"$(go env GOPATH)/bin:$PATH\"\n  go get .\n\n  if [ ! -f \"$(go env GOPATH)/bin/infer\" ]; then\n    curl -sSL https://raw.githubusercontent.com/inference-gateway/cli/main/install.sh | bash -s -- --version v0.100.3 --install-dir $HOME/.local/bin\n  fi\n\n  source <(goreleaser completion zsh)\n  source <(task --completion zsh)\n"
    },
    "options": {}
  },
  "packages": [
    {
      "attr_path": "claude-code",
      "broken": false,
      "derivation": "/nix/store/a919rfiwqx8rmznldfd5li5ws5bm98v8-claude-code-2.1.104.drv",
      "description": "Agentic coding tool that lives in your terminal, understands your codebase, and helps you code faster",
      "install_id": "claude-code",
      "license": "Unfree",
      "locked_url": "https://github.com/flox/nixpkgs?rev=4bd9165a9165d7b5e33ae57f3eecbcb28fb231c9",
      "name": "claude-code-2.1.104",
      "pname": "claude-code",
      "rev": "4bd9165a9165d7b5e33ae57f3eecbcb28fb231c9",
      "rev_count": 980183,
      "rev_date": "2026-04-14T12:31:25Z",
      "scrape_date": "2026-04-16T06:05:18.226478Z",
      "stabilities": [
        "unstable"
      ],
      "unfree": true,
      "version": "2.1.104",
      "outputs_to_install": [
        "out"
      ],
      "outputs": {
        "out": "/nix/store/mzb7ph3wfmics5wx0bqnns0gga03g3p6-claude-code-2.1.104"
      },
      "system": "aarch64-darwin",
      "group": "toplevel",
      "priority": 5
    },
    {
      "attr_path": "claude-code",
      "broken": false,
      "derivation": "/nix/store/77qvv4bbisz2grapw4d2xjiiw095wvfb-claude-code-2.1.104.drv",
      "description": "Agentic coding tool that lives in your terminal, understands your codebase, and helps you code faster",
      "install_id": "claude-code",
      "license": "Unfree",
      "locked_url": "https://github.com/flox/nixpkgs?rev=4bd9165a9165d7b5e33ae57f3eecbcb28fb231c9",
      "name": "claude-code-2.1.104",
      "pname": "claude-code",
      "rev": "4bd9165a9165d7b5e33ae57f3eecbcb28fb231c9",
      "rev_count": 980183,
      "rev_date": "2026-04-14T12:31:25Z",
      "scrape_date": "2026-04-16T06:37:13.113750Z",
      "stabilities": [
        "unstable"
      ],
      "unfree": true,
      "version": "2.1.104",
      "outputs_to_install": [
        "out"
      ],
      "outputs": {
        "out": "/nix/store/s62mb6f2bragvq41xxk39hqcqlpbgmbv-claude-code-2.1.104"
      },
      "system": "aarch64-linux",
      "group": "toplevel",
      "priority": 5
    },
    {
      "attr_path": "claude-code",
      "broken": false,
      "derivation": "/nix/store/bl3anq4kjbn214d2aabxsldrvlq3ffmk-claude-code-2.1.104.drv",
      "description": "Agentic coding tool that lives in your terminal, understands your codebase, and helps you code faster",
      "install_id": "claude-code",
      "license": "Unfree",
      "locked_url": "https://github.com/flox/nixpkgs?rev=4bd9165a9165d7b5e33ae57f3eecbcb28fb231c9",
      "name": "claude-code-2.1.104",
      "pname": "claude-code",
      "rev": "4bd9165a9165d7b5e33ae57f3eecbcb28fb231c9",
      "rev_count": 980183,
      "rev_date": "2026-04-14T12:31:25Z",
      "scrape_date": "2026-04-16T07:08:02.202352Z",
      "stabilities": [
        "unstable"
      ],
      "unfree": true,
      "version": "2.1.104",
      "outputs_to_install": [
        "out"
      ],
      "outputs": {
        "out": "/nix/store/72ai16sv9niclacl3lgks81s4czxh7vn-claude-code-2.1.104"
      },
      "system": "x86_64-darwin",
      "group": "toplevel",
      "priority": 5
    },
    {
      "attr_path": "claude-code",
      "broken": false,
      "derivation": "/nix/store/r0js6n9cq8v9rfjkjp6pjas6jjkm0aqq-claude-code-2.1.104.drv",
      "description": "Agentic coding tool that lives in your terminal, understands your codebase, and helps you code faster",
      "install_id": "claude-code",
      "license": "Unfree",
      "locked_url": "https://github.com/flox/nixpkgs?rev=4bd9165a9165d7b5e33ae57f3eecbcb28fb231c9",
      "name": "claude-code-2.1.104",
      "pname": "claude-code",
      "rev": "4bd9165a9165d7b5e33ae57f3eecbcb28fb231c9",
      "rev_count": 980183,
      "rev_date": "2026-04-14T12:31:25Z",
      "scrape_date": "2026-04-16T07:42:41.357604Z",
      "stabilities": [
        "unstable"
      ],
      "unfree": true,
      "version": "2.1.104",
      "outputs_to_install": [
        "out"
      ],
      "outputs": {
        "out": "/nix/store/ldng15znfpd2xa1q6zggw6bh8kk5nsld-claude-code-2.1.104"
      },
      "system": "x86_64-linux",
      "group": "toplevel",
      "priority": 5
    },
    {
      "attr_path": "go",
      "broken": false,
      "derivation": "/nix/store/jj5lr2n85rl99d40dcgvv8kh4p37i47d-go-1.26.1.drv",
      "description": "Go Programming language",
      "install_id": "go",
      "license": "BSD-3-Clause",
      "locked_url": "https://github.com/flox/nixpkgs?rev=4bd9165a9165d7b5e33ae57f3eecbcb28fb231c9",
      "name": "go-1.26.1",
      "pname": "go",
      "rev": "4bd9165a9165d7b5e33ae57f3eecbcb28fb231c9",
      "rev_count": 980183,
      "rev_date": "2026-04-14T12:31:25Z",
      "scrape_date": "2026-04-16T06:05:19.213036Z",
      "stabilities": [
        "unstable"
      ],
      "unfree": false,
      "version": "1.26.1",
      "outputs_to_install": [
        "out"
      ],
      "outputs": {
        "out": "/nix/store/kh43nhaz1qcpwws2xq805lrmwpmn9i3k-go-1.26.1"
      },
      "system": "aarch64-darwin",
      "group": "toplevel",
      "priority": 5
    },
    {
      "attr_path": "go",
      "broken": false,
      "derivation": "/nix/store/bgblqd7l0v7x7s504csalw9b5vwf4czc-go-1.26.1.drv",
      "description": "Go Programming language",
      "install_id": "go",
      "license": "BSD-3-Clause",
      "locked_url": "https://github.com/flox/nixpkgs?rev=4bd9165a9165d7b5e33ae57f3eecbcb28fb231c9",
      "name": "go-1.26.1",
      "pname": "go",
      "rev": "4bd9165a9165d7b5e33ae57f3eecbcb28fb231c9",
      "rev_count": 980183,
      "rev_date": "2026-04-14T12:31:25Z",
      "scrape_date": "2026-04-16T06:37:15.076978Z",
      "stabilities": [
        "unstable"
      ],
      "unfree": false,
      "version": "1.26.1",
      "outputs_to_install": [
        "out"
      ],
      "outputs": {
        "out": "/nix/store/rz1pqbm5z3zfby250i0djfmfzzj7khg9-go-1.26.1"
      },
      "system": "aarch64-linux",
      "group": "toplevel",
      "priority": 5
    },
    {
      "attr_path": "go",
      "broken": false,
      "derivation": "/nix/store/pcwra0rv1n0pq3r6sjlc6sx6a0bv499x-go-1.26.1.drv",
      "description": "Go Programming language",
      "install_id": "go",
      "license": "BSD-3-Clause",
      "locked_url": "https://github.com/flox/nixpkgs?rev=4bd9165a9165d7b5e33ae57f3eecbcb28fb231c9",
      "name": "go-1.26.1",
      "pname": "go",
      "rev": "4bd9165a9165d7b5e33ae57f3eecbcb28fb231c9",
      "rev_count": 980183,
      "rev_date": "2026-04-14T12:31:25Z",
      "scrape_date": "2026-04-16T07:08:03.210482Z",
      "stabilities": [
        "unstable"
      ],
      "unfree": false,
      "version": "1.26.1",
      "outputs_to_install": [
        "out"
      ],
      "outputs": {
        "out": "/nix/store/yv6jj27racylbfjw6a1cdr91ndxbgyf6-go-1.26.1"
      },
      "system": "x86_64-darwin",
      "group": "toplevel",
      "priority": 5
    },
    {
      "attr_path": "go",
      "broken": false,
      "derivation": "/nix/store/f7rh1lw0shd5471j9y6wpvc2j43czglz-go-1.26.1.drv",
      "description": "Go Programming language",
      "install_id": "go",
      "license": "BSD-3-Clause",
      "locked_url": "https://github.com/flox/nixpkgs?rev=4bd9165a9165d7b5e33ae57f3eecbcb28fb231c9",
      "name": "go-1.26.1",
      "pname": "go",
      "rev": "4bd9165a9165d7b5e33ae57f3eecbcb28fb231c9",
      "rev_count": 980183,
      "rev_date": "2026-04-14T12:31:25Z",
      "scrape_date": "2026-04-16T07:42:43.606124Z",
      "stabilities": [
        "unstable"
      ],
      "unfree": false,
      "version": "1.26.1",
      "outputs_to_install": [
        "out",
        "out"
      ],
      "outputs": {
        "out": "/nix/store/ckcq2mj8zk0drhaaacy6mp9d924hnr4m-go-1.26.1"
      },
      "system": "x86_64-linux",
      "group": "toplevel",
      "priority": 5
    },
    {
      "attr_path": "go-task",
      "broken": false,
      "derivation": "/nix/store/d75iigh6jr411wnb6gk1dqwy6ybv4a07-go-task-3.48.0.drv",
      "description": "Task runner / simpler Make alternative written in Go",
      "install_id": "go-task",
      "license": "MIT",
      "locked_url": "https://github.com/flox/nixpkgs?rev=4bd9165a9165d7b5e33ae57f3eecbcb28fb231c9",
      "name": "go-task-3.48.0",
      "pname": "go-task",
      "rev": "4bd9165a9165d7b5e33ae57f3eecbcb28fb231c9",
      "rev_count": 980183,
      "rev_date": "2026-04-14T12:31:25Z",
      "scrape_date": "2026-04-16T06:05:19.234061Z",
      "stabilities": [
        "unstable"
      ],
      "unfree": false,
      "version": "3.48.0",
      "outputs_to_install": [
        "out"
      ],
      "outputs": {
        "out": "/nix/store/sab4xhgi6cs6rnxsx33dxqg2zcir52rm-go-task-3.48.0"
      },
      "system": "aarch64-darwin",
      "group": "toplevel",
      "priority": 5
    },
    {
      "attr_path": "go-task",
      "broken": false,
      "derivation": "/nix/store/4yafn203k3iq871ahgmlk39lyb976lvr-go-task-3.48.0.drv",
      "description": "Task runner / simpler Make alternative written in Go",
      "install_id": "go-task",
      "license": "MIT",
      "locked_url": "https://github.com/flox/nixpkgs?rev=4bd9165a9165d7b5e33ae57f3eecbcb28fb231c9",
      "name": "go-task-3.48.0",
      "pname": "go-task",
      "rev": "4bd9165a9165d7b5e33ae57f3eecbcb28fb231c9",
      "rev_count": 980183,
      "rev_date": "2026-04-14T12:31:25Z",
      "scrape_date": "2026-04-16T06:37:15.106990Z",
      "stabilities": [
        "unstable"
      ],
      "unfree": false,
      "version": "3.48.0",
      "outputs_to_install": [
        "out"
      ],
      "outputs": {
        "out": "/nix/store/cidnjfhcp1qyxjih6qaa61hfyxy5k5ap-go-task-3.48.0"
      },
      "system": "aarch64-linux",
      "group": "toplevel",
      "priority": 5
    },
    {
      "attr_path": "go-task",
      "broken": false,
      "derivation": "/nix/store/np5hkd93wdzh9s9ynkdk3mds3pg1bifz-go-task-3.48.0.drv",
      "description": "Task runner / simpler Make alternative written in Go",
      "install_id": "go-task",
      "license": "MIT",
      "locked_url": "https://github.com/flox/nixpkgs?rev=4bd9165a9165d7b5e33ae57f3eecbcb28fb231c9",
      "name": "go-task-3.48.0",
      "pname": "go-task",
      "rev": "4bd9165a9165d7b5e33ae57f3eecbcb28fb231c9",
      "rev_count": 980183,
      "rev_date": "2026-04-14T12:31:25Z",
      "scrape_date": "2026-04-16T07:08:03.231502Z",
      "stabilities": [
        "unstable"
      ],
      "unfree": false,
      "version": "3.48.0",
      "outputs_to_install": [
        "out"
      ],
      "outputs": {
        "out": "/nix/store/nxbwqrg7jx4l16q1c37kr510cv0cz1cw-go-task-3.48.0"
      },
      "system": "x86_64-darwin",
      "group": "toplevel",
      "priority": 5
    },
    {
      "attr_path": "go-task",
      "broken": false,
      "derivation": "/nix/store/f2xbx67ryzzcxd851bwnc5jcgxb4a032-go-task-3.48.0.drv",
      "description": "Task runner / simpler Make alternative written in Go",
      "install_id": "go-task",
      "license": "MIT",
      "locked_url": "https://github.com/flox/nixpkgs?rev=4bd9165a9165d7b5e33ae57f3eecbcb28fb231c9",
      "name": "go-task-3.48.0",
      "pname": "go-task",
      "rev": "4bd9165a9165d7b5e33ae57f3eecbcb28fb231c9",
      "rev_count": 980183,
      "rev_date": "2026-04-14T12:31:25Z",
      "scrape_date": "2026-04-16T07:42:43.638049Z",
      "stabilities": [
        "unstable"
      ],
      "unfree": false,
      "version": "3.48.0",
      "outputs_to_install": [
        "out"
      ],
      "outputs": {
        "out": "/nix/store/qxs1p264gzz3nficzss2nsp7fs5cdi31-go-task-3.48.0"
      },
      "system": "x86_64-linux",
      "group": "toplevel",
      "priority": 5
    },
    {
      "attr_path": "golangci-lint",
      "broken": false,
      "derivation": "/nix/store/yhb07d2wsdwxsqvmvhbqf20pjckshv4v-golangci-lint-2.11.4.drv",
      "description": "Fast linters Runner for Go",
      "install_id": "golangci-lint",
      "license": "GPL-3.0-or-later",
      "locked_url": "https://github.com/flox/nixpkgs?rev=4bd9165a9165d7b5e33ae57f3eecbcb28fb231c9",
      "name": "golangci-lint-2.11.4",
      "pname": "golangci-lint",
      "rev": "4bd9165a9165d7b5e33ae57f3eecbcb28fb231c9",
      "rev_count": 980183,
      "rev_date": "2026-04-14T12:31:25Z",
      "scrape_date": "2026-04-16T06:05:19.278640Z",
      "stabilities": [
        "unstable"
      ],
      "unfree": false,
      "version": "2.11.4",
      "outputs_to_install": [
        "out"
      ],
      "outputs": {
        "out": "/nix/store/zjhq23zqjjlyclylkwvny6s7qzcq56n4-golangci-lint-2.11.4"
      },
      "system": "aarch64-darwin",
      "group": "toplevel",
      "priority": 5
    },
    {
      "attr_path": "golangci-lint",
      "broken": false,
      "derivation": "/nix/store/vknh40qizw72lnwiv90cyab3m8da4dvb-golangci-lint-2.11.4.drv",
      "description": "Fast linters Runner for Go",
      "install_id": "golangci-lint",
      "license": "GPL-3.0-or-later",
      "locked_url": "https://github.com/flox/nixpkgs?rev=4bd9165a9165d7b5e33ae57f3eecbcb28fb231c9",
      "name": "golangci-lint-2.11.4",
      "pname": "golangci-lint",
      "rev": "4bd9165a9165d7b5e33ae57f3eecbcb28fb231c9",
      "rev_count": 980183,
      "rev_date": "2026-04-14T12:31:25Z",
      "scrape_date": "2026-04-16T06:37:15.172969Z",
      "stabilities": [
        "unstable"
      ],
      "unfree": false,
      "version": "2.11.4",
      "outputs_to_install": [
        "out"
      ],
      "outputs": {
        "out": "/nix/store/6rnv5q31z65m0cx0gsclybizgly224r8-golangci-lint-2.11.4"
      },
      "system": "aarch64-linux",
      "group": "toplevel",
      "priority": 5
    },
    {
      "attr_path": "golangci-lint",
      "broken": false,
      "derivation": "/nix/store/qclqnf46p70n30fya545xnkjxjsjf7bx-golangci-lint-2.11.4.drv",
      "description": "Fast linters Runner for Go",
      "install_id": "golangci-lint",
      "license": "GPL-3.0-or-later",
      "locked_url": "https://github.com/flox/nixpkgs?rev=4bd9165a9165d7b5e33ae57f3eecbcb28fb231c9",
      "name": "golangci-lint-2.11.4",
      "pname": "golangci-lint",
      "rev": "4bd9165a9165d7b5e33ae57f3eecbcb28fb231c9",
      "rev_count": 980183,
      "rev_date": "2026-04-14T12:31:25Z",
      "scrape_date": "2026-04-16T07:08:03.272198Z",
      "stabilities": [
        "unstable"
      ],
      "unfree": false,
      "version": "2.11.4",
      "outputs_to_install": [
        "out"
      ],
      "outputs": {
        "out": "/nix/store/laj0sxwhanwj9nk8hnsqzsj1b141z2bm-golangci-lint-2.11.4"
      },
      "system": "x86_64-darwin",
      "group": "toplevel",
      "priority": 5
    },
    {
      "attr_path": "golangci-lint",
      "broken": false,
      "derivation": "/nix/store/6hc83ga5aylvdpjy3fbajcqr2k75d52v-golangci-lint-2.11.4.drv",
      "description": "Fast linters Runner for Go",
      "install_id": "golangci-lint",
      "license": "GPL-3.0-or-later",
      "locked_url": "https://github.com/flox/nixpkgs?rev=4bd9165a9165d7b5e33ae57f3eecbcb28fb231c9",
      "name": "golangci-lint-2.11.4",
      "pname": "golangci-lint",
      "rev": "4bd9165a9165d7b5e33ae57f3eecbcb28fb231c9",
      "rev_count": 980183,
      "rev_date": "2026-04-14T12:31:25Z",
      "scrape_date": "2026-04-16T07:42:43.709276Z",
      "stabilities": [
        "unstable"
      ],
      "unfree": false,
      "version": "2.11.4",
      "outputs_to_install": [
        "out"
      ],
      "outputs": {
        "out": "/nix/store/j4w0z1lgrs4fdds7npk2bnby5ks612cf-golangci-lint-2.11.4"
      },
      "system": "x86_64-linux",
      "group": "toplevel",
      "priority": 5
    },
    {
      "attr_path": "goreleaser",
      "broken": false,
      "derivation": "/nix/store/ilhf0sdpnbq2hdh7wwfqk0f0wpwbxrha-goreleaser-2.15.2.drv",
      "description": "Deliver Go binaries as fast and easily as possible",
      "install_id": "goreleaser",
      "license": "MIT",
      "locked_url": "https://github.com/flox/nixpkgs?rev=4bd9165a9165d7b5e33ae57f3eecbcb28fb231c9",
      "name": "goreleaser-2.15.2",
      "pname": "goreleaser",
      "rev": "4bd9165a9165d7b5e33ae57f3eecbcb28fb231c9",
      "rev_count": 980183,
      "rev_date": "2026-04-14T12:31:25Z",
      "scrape_date": "2026-04-16T06:05:19.304543Z",
      "stabilities": [
        "unstable"
      ],
      "unfree": false,
      "version": "2.15.2",
      "outputs_to_install": [
        "out"
      ],
      "outputs": {
        "out": "/nix/store/bwgcsz27118a6ir1s380z5y5h4pzxs15-goreleaser-2.15.2"
      },
      "system": "aarch64-darwin",
      "group": "toplevel",
      "priority": 5
    },
    {
      "attr_path": "goreleaser",
      "broken": false,
      "derivation": "/nix/store/s2psz3b1f4djnb4qvrh6cglhyihw0hva-goreleaser-2.15.2.drv",
      "description": "Deliver Go binaries as fast and easily as possible",
      "install_id": "goreleaser",
      "license": "MIT",
      "locked_url": "https://github.com/flox/nixpkgs?rev=4bd9165a9165d7b5e33ae57f3eecbcb28fb231c9",
      "name": "goreleaser-2.15.2",
      "pname": "goreleaser",
      "rev": "4bd9165a9165d7b5e33ae57f3eecbcb28fb231c9",
      "rev_count": 980183,
      "rev_date": "2026-04-14T12:31:25Z",
      "scrape_date": "2026-04-16T06:37:15.214606Z",
      "stabilities": [
        "unstable"
      ],
      "unfree": false,
      "version": "2.15.2",
      "outputs_to_install": [
        "out"
      ],
      "outputs": {
        "out": "/nix/store/a44yq5ab2rh5virfnn5hjl91n0fbbs2c-goreleaser-2.15.2"
      },
      "system": "aarch64-linux",
      "group": "toplevel",
      "priority": 5
    },
    {
      "attr_path": "goreleaser",
      "broken": false,
      "derivation": "/nix/store/4dss3n8qdfmnr6azfh7sy986mkv2p0xw-goreleaser-2.15.2.drv",
      "description": "Deliver Go binaries as fast and easily as possible",
      "install_id": "goreleaser",
      "license": "MIT",
      "locked_url": "https://github.com/flox/nixpkgs?rev=4bd9165a9165d7b5e33ae57f3eecbcb28fb231c9",
      "name": "goreleaser-2.15.2",
      "pname": "goreleaser",
      "rev": "4bd9165a9165d7b5e33ae57f3eecbcb28fb231c9",
      "rev_count": 980183,
      "rev_date": "2026-04-14T12:31:25Z",
      "scrape_date": "2026-04-16T07:08:03.299868Z",
      "stabilities": [
        "unstable"
      ],
      "unfree": false,
      "version": "2.15.2",
      "outputs_to_install": [
        "out"
      ],
      "outputs": {
        "out": "/nix/store/a4i4f89y7pizcicjs0w5y7issgrm0qg0-goreleaser-2.15.2"
      },
      "system": "x86_64-darwin",
      "group": "toplevel",
      "priority": 5
    },
    {
      "attr_path": "goreleaser",
      "broken": false,
      "derivation": "/nix/store/jxwr1vxbdfhwsf7v4z96cdi2jsxak6zk-goreleaser-2.15.2.drv",
      "description": "Deliver Go binaries as fast and easily as possible",
      "install_id": "goreleaser",
      "license": "MIT",
      "locked_url": "https://github.com/flox/nixpkgs?rev=4bd9165a9165d7b5e33ae57f3eecbcb28fb231c9",
      "name": "goreleaser-2.15.2",
      "pname": "goreleaser",
      "rev": "4bd9165a9165d7b5e33ae57f3eecbcb28fb231c9",
      "rev_count": 980183,
      "rev_date": "2026-04-14T12:31:25Z",
      "scrape_date": "2026-04-16T07:42:43.754313Z",
      "stabilities": [
        "unstable"
      ],
      "unfree": false,
      "version": "2.15.2",
      "outputs_to_install": [
        "out"
      ],
      "outputs": {
        "out": "/nix/store/w6hm24gyxk0yjn1qbyx66s11y7cr5kkp-goreleaser-2.15.2"
      },
      "system": "x86_64-linux",
      "group": "toplevel",
      "priority": 5
    },
    {
      "attr_path": "markdownlint-cli",
      "broken": false,
      "derivation": "/nix/store/zklg0w7537kyiqdx0lkskm78ma0zy40z-markdownlint-cli-0.48.0.drv",
      "description": "Command line interface for MarkdownLint",
      "install_id": "markdownlint-cli",
      "license": "MIT",
      "locked_url": "https://github.com/flox/nixpkgs?rev=4bd9165a9165d7b5e33ae57f3eecbcb28fb231c9",
      "name": "markdownlint-cli-0.48.0",
      "pname": "markdownlint-cli",
      "rev": "4bd9165a9165d7b5e33ae57f3eecbcb28fb231c9",
      "rev_count": 980183,
      "rev_date": "2026-04-14T12:31:25Z",
      "scrape_date": "2026-04-16T06:05:39.762802Z",
      "stabilities": [
        "unstable"
      ],
      "unfree": false,
      "version": "0.48.0",
      "outputs_to_install": [
        "out"
      ],
      "outputs": {
        "out": "/nix/store/50hqg5zd6pk1lf9phkvsbnamfk9r1y6c-markdownlint-cli-0.48.0"
      },
      "system": "aarch64-darwin",
      "group": "toplevel",
      "priority": 5
    },
    {
      "attr_path": "markdownlint-cli",
      "broken": false,
      "derivation": "/nix/store/2xyc634q9gnmjs7kqpz6gvmqzwmwx1dw-markdownlint-cli-0.48.0.drv",
      "description": "Command line interface for MarkdownLint",
      "install_id": "markdownlint-cli",
      "license": "MIT",
      "locked_url": "https://github.com/flox/nixpkgs?rev=4bd9165a9165d7b5e33ae57f3eecbcb28fb231c9",
      "name": "markdownlint-cli-0.48.0",
      "pname": "markdownlint-cli",
      "rev": "4bd9165a9165d7b5e33ae57f3eecbcb28fb231c9",
      "rev_count": 980183,
      "rev_date": "2026-04-14T12:31:25Z",
      "scrape_date": "2026-04-16T06:37:46.615640Z",
      "stabilities": [
        "unstable"
      ],
      "unfree": false,
      "version": "0.48.0",
      "outputs_to_install": [
        "out"
      ],
      "outputs": {
        "out": "/nix/store/qxkxki1si08s2ff855kq0nhcj06zzbny-markdownlint-cli-0.48.0"
      },
      "system": "aarch64-linux",
      "group": "toplevel",
      "priority": 5
    },
    {
      "attr_path": "markdownlint-cli",
      "broken": false,
      "derivation": "/nix/store/yq5xf79jp8hk6h3rcx7yik8cl5nbbx3a-markdownlint-cli-0.48.0.drv",
      "description": "Command line interface for MarkdownLint",
      "install_id": "markdownlint-cli",
      "license": "MIT",
      "locked_url": "https://github.com/flox/nixpkgs?rev=4bd9165a9165d7b5e33ae57f3eecbcb28fb231c9",
      "name": "markdownlint-cli-0.48.0",
      "pname": "markdownlint-cli",
      "rev": "4bd9165a9165d7b5e33ae57f3eecbcb28fb231c9",
      "rev_count": 980183,
      "rev_date": "2026-04-14T12:31:25Z",
      "scrape_date": "2026-04-16T07:08:23.615486Z",
      "stabilities": [
        "unstable"
      ],
      "unfree": false,
      "version": "0.48.0",
      "outputs_to_install": [
        "out"
      ],
      "outputs": {
        "out": "/nix/store/vlbj06ky52si17f95jk3mb0k6mh4212h-markdownlint-cli-0.48.0"
      },
      "system": "x86_64-darwin",
      "group": "toplevel",
      "priority": 5
    },
    {
      "attr_path": "markdownlint-cli",
      "broken": false,
      "derivation": "/nix/store/9jffhl329b4j5r9f67mk0w3d1rzndxhx-markdownlint-cli-0.48.0.drv",
      "description": "Command line interface for MarkdownLint",
      "install_id": "markdownlint-cli",
      "license": "MIT",
      "locked_url": "https://github.com/flox/nixpkgs?rev=4bd9165a9165d7b5e33ae57f3eecbcb28fb231c9",
      "name": "markdownlint-cli-0.48.0",
      "pname": "markdownlint-cli",
      "rev": "4bd9165a9165d7b5e33ae57f3eecbcb28fb231c9",
      "rev_count": 980183,
      "rev_date": "2026-04-14T12:31:25Z",
      "scrape_date": "2026-04-16T07:43:16.927900Z",
      "stabilities": [
        "unstable"
      ],
      "unfree": false,
      "version": "0.48.0",
      "outputs_to_install": [
        "out"
      ],
      "outputs": {
        "out": "/nix/store/z47gp0cynfy92inijdgbza54qsi4082v-markdownlint-cli-0.48.0"
      },
      "system": "x86_64-linux",
      "group": "toplevel",
      "priority": 5
    },
    {
      "attr_path": "prettier",
      "broken": false,
      "derivation": "/nix/store/5km4caqv72g6g7svncxfhxw1jgy79afp-prettier-3.6.2.drv",
      "description": "Code formatter",
      "install_id": "prettier",
      "license": "MIT",
      "locked_url": "https://github.com/flox/nixpkgs?rev=4bd9165a9165d7b5e33ae57f3eecbcb28fb231c9",
      "name": "prettier-3.6.2",
      "pname": "prettier",
      "rev": "4bd9165a9165d7b5e33ae57f3eecbcb28fb231c9",
      "rev_count": 980183,
      "rev_date": "2026-04-14T12:31:25Z",
      "scrape_date": "2026-04-16T06:05:57.330476Z",
      "stabilities": [
        "unstable"
      ],
      "unfree": false,
      "version": "3.6.2",
      "outputs_to_install": [
        "out"
      ],
      "outputs": {
        "out": "/nix/store/r48azz4l39w96zn152ybpcqxpkqpziz8-prettier-3.6.2"
      },
      "system": "aarch64-darwin",
      "group": "toplevel",
      "priority": 5
    },
    {
      "attr_path": "prettier",
      "broken": false,
      "derivation": "/nix/store/8132yiq38c0f7nn9fq41dxxjwq9y6ndr-prettier-3.6.2.drv",
      "description": "Code formatter",
      "install_id": "prettier",
      "license": "MIT",
      "locked_url": "https://github.com/flox/nixpkgs?rev=4bd9165a9165d7b5e33ae57f3eecbcb28fb231c9",
      "name": "prettier-3.6.2",
      "pname": "prettier",
      "rev": "4bd9165a9165d7b5e33ae57f3eecbcb28fb231c9",
      "rev_count": 980183,
      "rev_date": "2026-04-14T12:31:25Z",
      "scrape_date": "2026-04-16T06:38:11.503535Z",
      "stabilities": [
        "unstable"
      ],
      "unfree": false,
      "version": "3.6.2",
      "outputs_to_install": [
        "out"
      ],
      "outputs": {
        "out": "/nix/store/7vz0hyz8ysq4759y6mn931rx1zvn56hc-prettier-3.6.2"
      },
      "system": "aarch64-linux",
      "group": "toplevel",
      "priority": 5
    },
    {
      "attr_path": "prettier",
      "broken": false,
      "derivation": "/nix/store/hr1i3pp50i5lh5fgcj22nl5c1zszcsh1-prettier-3.6.2.drv",
      "description": "Code formatter",
      "install_id": "prettier",
      "license": "MIT",
      "locked_url": "https://github.com/flox/nixpkgs?rev=4bd9165a9165d7b5e33ae57f3eecbcb28fb231c9",
      "name": "prettier-3.6.2",
      "pname": "prettier",
      "rev": "4bd9165a9165d7b5e33ae57f3eecbcb28fb231c9",
      "rev_count": 980183,
      "rev_date": "2026-04-14T12:31:25Z",
      "scrape_date": "2026-04-16T07:08:40.973835Z",
      "stabilities": [
        "unstable"
      ],
      "unfree": false,
      "version": "3.6.2",
      "outputs_to_install": [
        "out"
      ],
      "outputs": {
        "out": "/nix/store/ynj49sr067m60y1v7vs31k2iqc7n894a-prettier-3.6.2"
      },
      "system": "x86_64-darwin",
      "group": "toplevel",
      "priority": 5
    },
    {
      "attr_path": "prettier",
      "broken": false,
      "derivation": "/nix/store/5gkb3dhcb0w2k4cpg4k0kaikikwyvr0n-prettier-3.6.2.drv",
      "description": "Code formatter",
      "install_id": "prettier",
      "license": "MIT",
      "locked_url": "https://github.com/flox/nixpkgs?rev=4bd9165a9165d7b5e33ae57f3eecbcb28fb231c9",
      "name": "prettier-3.6.2",
      "pname": "prettier",
      "rev": "4bd9165a9165d7b5e33ae57f3eecbcb28fb231c9",
      "rev_count": 980183,
      "rev_date": "2026-04-14T12:31:25Z",
      "scrape_date": "2026-04-16T07:43:42.526590Z",
      "stabilities": [
        "unstable"
      ],
      "unfree": false,
      "version": "3.6.2",
      "outputs_to_install": [
        "out"
      ],
      "outputs": {
        "out": "/nix/store/afhc5ydqajy6c848ylslxgxfqqi4c7mf-prettier-3.6.2"
      },
      "system": "x86_64-linux",
      "group": "toplevel",
      "priority": 5
    }
  ]
}
