{
  "lockfile-version": 1,
  "manifest": {
    "schema-version": "1.15.0",
    "install": {
      "adl": {
        "flake": "github:inference-gateway/adl-cli/v0.61.4"
      },
      "claude-code": {
        "pkg-path": "claude-code",
        "pkg-group": "claude-code",
        "version": "^2.1.245"
      },
      "codex": {
        "pkg-path": "codex",
        "pkg-group": "codex",
        "version": "^0.149.0"
      },
      "go": {
        "pkg-path": "go",
        "version": "1.26.7"
      },
      "go-task": {
        "pkg-path": "go-task",
        "version": "^3.48.0"
      },
      "golangci-lint": {
        "pkg-path": "golangci-lint",
        "version": "^2.12.2"
      },
      "goreleaser": {
        "pkg-path": "goreleaser",
        "version": "^2.16.0"
      },
      "infer": {
        "flake": "github:inference-gateway/cli/v0.183.0"
      },
      "markdownlint-cli": {
        "pkg-path": "markdownlint-cli",
        "pkg-group": "markdownlint",
        "version": "0.48.0"
      },
      "prettier": {
        "pkg-path": "prettier",
        "version": "^3.8.3"
      }
    },
    "hook": {
      "on-activate": "  export GOENV=\"$FLOX_ENV_CACHE/goenv\"\n  export PATH=\"$(go env GOPATH)/bin:$PATH\"\n  go get .\n"
    },
    "profile": {
      "zsh": "  source <(goreleaser completion zsh)\n  source <(task --completion zsh)\n"
    },
    "options": {}
  },
  "packages": [
    {
      "attr_path": "claude-code",
      "broken": false,
      "derivation": "/nix/store/n1lgqcdgazzb39wknhn4l88v3skjww77-claude-code-2.1.245.drv",
      "description": "Agentic coding tool that lives in your terminal, understands your codebase, and helps you code faster",
      "install_id": "claude-code",
      "license": "Unfree",
      "locked_url": "https://github.com/flox/nixpkgs?rev=34ab99075ac4f7e40cf037eef32cb1c360bb85e9",
      "name": "claude-code-2.1.245",
      "pname": "claude-code",
      "rev": "34ab99075ac4f7e40cf037eef32cb1c360bb85e9",
      "rev_count": 1064949,
      "rev_date": "2026-08-31T12:23:27Z",
      "scrape_date": "2026-09-01T04:57:40.238535Z",
      "stabilities": [
        "unstable"
      ],
      "unfree": true,
      "version": "2.1.245",
      "outputs_to_install": [
        "out"
      ],
      "outputs": {
        "out": "/nix/store/bx59a90qzpvyapbyz4hwks81xsfw025s-claude-code-2.1.245"
      },
      "system": "aarch64-darwin",
      "group": "claude-code",
      "priority": 5
    },
    {
      "attr_path": "claude-code",
      "broken": false,
      "derivation": "/nix/store/jk2cbws779imgjzjmhci5fnmq3bqa7zr-claude-code-2.1.245.drv",
      "description": "Agentic coding tool that lives in your terminal, understands your codebase, and helps you code faster",
      "install_id": "claude-code",
      "license": "Unfree",
      "locked_url": "https://github.com/flox/nixpkgs?rev=34ab99075ac4f7e40cf037eef32cb1c360bb85e9",
      "name": "claude-code-2.1.245",
      "pname": "claude-code",
      "rev": "34ab99075ac4f7e40cf037eef32cb1c360bb85e9",
      "rev_count": 1064949,
      "rev_date": "2026-08-31T12:23:27Z",
      "scrape_date": "2026-09-01T05:29:15.601663Z",
      "stabilities": [
        "unstable"
      ],
      "unfree": true,
      "version": "2.1.245",
      "outputs_to_install": [
        "out"
      ],
      "outputs": {
        "out": "/nix/store/z9ispy7d612d2kpp7nrhj3v7pddzp3np-claude-code-2.1.245"
      },
      "system": "aarch64-linux",
      "group": "claude-code",
      "priority": 5
    },
    {
      "attr_path": "claude-code",
      "broken": false,
      "derivation": "/nix/store/cwgj6qx0pr1ag13i1l2n4ml1qakxc3qq-claude-code-2.1.245.drv",
      "description": "Agentic coding tool that lives in your terminal, understands your codebase, and helps you code faster",
      "install_id": "claude-code",
      "license": "Unfree",
      "locked_url": "https://github.com/flox/nixpkgs?rev=34ab99075ac4f7e40cf037eef32cb1c360bb85e9",
      "name": "claude-code-2.1.245",
      "pname": "claude-code",
      "rev": "34ab99075ac4f7e40cf037eef32cb1c360bb85e9",
      "rev_count": 1064949,
      "rev_date": "2026-08-31T12:23:27Z",
      "scrape_date": "2026-09-01T06:06:01.474851Z",
      "stabilities": [
        "unstable"
      ],
      "unfree": true,
      "version": "2.1.245",
      "outputs_to_install": [
        "out"
      ],
      "outputs": {
        "out": "/nix/store/k4z7dn65na1gngrpcs8l79vr2pv504dx-claude-code-2.1.245"
      },
      "system": "x86_64-linux",
      "group": "claude-code",
      "priority": 5
    },
    {
      "attr_path": "codex",
      "broken": false,
      "derivation": "/nix/store/5kjz98157wnfm2ppbfa048c3rig4wvsw-codex-0.149.0.drv",
      "description": "Lightweight coding agent that runs in your terminal",
      "install_id": "codex",
      "license": "Apache-2.0",
      "locked_url": "https://github.com/flox/nixpkgs?rev=34ab99075ac4f7e40cf037eef32cb1c360bb85e9",
      "name": "codex-0.149.0",
      "pname": "codex",
      "rev": "34ab99075ac4f7e40cf037eef32cb1c360bb85e9",
      "rev_count": 1064949,
      "rev_date": "2026-08-31T12:23:27Z",
      "scrape_date": "2026-09-01T04:57:40.282063Z",
      "stabilities": [
        "unstable"
      ],
      "unfree": false,
      "version": "0.149.0",
      "outputs_to_install": [
        "out"
      ],
      "outputs": {
        "out": "/nix/store/n4jycg5a0c63jfblg56y42qsx6dsxg7c-codex-0.149.0"
      },
      "system": "aarch64-darwin",
      "group": "codex",
      "priority": 5
    },
    {
      "attr_path": "codex",
      "broken": false,
      "derivation": "/nix/store/aagg29r7kzcqsbnvfv8zd39gv1pf7lwk-codex-0.149.0.drv",
      "description": "Lightweight coding agent that runs in your terminal",
      "install_id": "codex",
      "license": "Apache-2.0",
      "locked_url": "https://github.com/flox/nixpkgs?rev=34ab99075ac4f7e40cf037eef32cb1c360bb85e9",
      "name": "codex-0.149.0",
      "pname": "codex",
      "rev": "34ab99075ac4f7e40cf037eef32cb1c360bb85e9",
      "rev_count": 1064949,
      "rev_date": "2026-08-31T12:23:27Z",
      "scrape_date": "2026-09-01T05:29:15.659099Z",
      "stabilities": [
        "unstable"
      ],
      "unfree": false,
      "version": "0.149.0",
      "outputs_to_install": [
        "out"
      ],
      "outputs": {
        "out": "/nix/store/4c6r0snmcjagpgng180h68gclgbi6nnn-codex-0.149.0"
      },
      "system": "aarch64-linux",
      "group": "codex",
      "priority": 5
    },
    {
      "attr_path": "codex",
      "broken": false,
      "derivation": "/nix/store/4il0qfjsj9kj01b5zmjqqdfs13pplndw-codex-0.149.0.drv",
      "description": "Lightweight coding agent that runs in your terminal",
      "install_id": "codex",
      "license": "Apache-2.0",
      "locked_url": "https://github.com/flox/nixpkgs?rev=34ab99075ac4f7e40cf037eef32cb1c360bb85e9",
      "name": "codex-0.149.0",
      "pname": "codex",
      "rev": "34ab99075ac4f7e40cf037eef32cb1c360bb85e9",
      "rev_count": 1064949,
      "rev_date": "2026-08-31T12:23:27Z",
      "scrape_date": "2026-09-01T06:06:01.538518Z",
      "stabilities": [
        "unstable"
      ],
      "unfree": false,
      "version": "0.149.0",
      "outputs_to_install": [
        "out"
      ],
      "outputs": {
        "out": "/nix/store/19iqxqi2jyiz21sixa5vj9q9s118v2sh-codex-0.149.0"
      },
      "system": "x86_64-linux",
      "group": "codex",
      "priority": 5
    },
    {
      "attr_path": "markdownlint-cli",
      "broken": false,
      "derivation": "/nix/store/brynnaf55f76ykkn40m1zbqicp6qmwz0-markdownlint-cli-0.48.0.drv",
      "description": "Command line interface for MarkdownLint",
      "install_id": "markdownlint-cli",
      "license": "MIT",
      "locked_url": "https://github.com/flox/nixpkgs?rev=567a49d1913ce81ac6e9582e3553dd90a955875f",
      "name": "markdownlint-cli-0.48.0",
      "pname": "markdownlint-cli",
      "rev": "567a49d1913ce81ac6e9582e3553dd90a955875f",
      "rev_count": 1017464,
      "rev_date": "2026-06-16T02:33:49Z",
      "scrape_date": "2026-06-17T03:13:36.700347Z",
      "stabilities": [
        "staging",
        "unstable",
        "stable"
      ],
      "unfree": false,
      "version": "0.48.0",
      "outputs_to_install": [
        "out"
      ],
      "outputs": {
        "out": "/nix/store/j3p42am9dcz8zm44hic71k1cdcffyd1a-markdownlint-cli-0.48.0"
      },
      "system": "aarch64-darwin",
      "group": "markdownlint",
      "priority": 5
    },
    {
      "attr_path": "markdownlint-cli",
      "broken": false,
      "derivation": "/nix/store/rxmyk40adhd2s6xa2k56lij82gdpx354-markdownlint-cli-0.48.0.drv",
      "description": "Command line interface for MarkdownLint",
      "install_id": "markdownlint-cli",
      "license": "MIT",
      "locked_url": "https://github.com/flox/nixpkgs?rev=567a49d1913ce81ac6e9582e3553dd90a955875f",
      "name": "markdownlint-cli-0.48.0",
      "pname": "markdownlint-cli",
      "rev": "567a49d1913ce81ac6e9582e3553dd90a955875f",
      "rev_count": 1017464,
      "rev_date": "2026-06-16T02:33:49Z",
      "scrape_date": "2026-06-17T03:44:44.029610Z",
      "stabilities": [
        "staging",
        "unstable",
        "stable"
      ],
      "unfree": false,
      "version": "0.48.0",
      "outputs_to_install": [
        "out"
      ],
      "outputs": {
        "out": "/nix/store/f1zjqs6fsa76am4zziv75q9gxv2lqgf6-markdownlint-cli-0.48.0"
      },
      "system": "aarch64-linux",
      "group": "markdownlint",
      "priority": 5
    },
    {
      "attr_path": "markdownlint-cli",
      "broken": false,
      "derivation": "/nix/store/w70xz7wyv1c7lzd2ynlixczn97bladk5-markdownlint-cli-0.48.0.drv",
      "description": "Command line interface for MarkdownLint",
      "install_id": "markdownlint-cli",
      "license": "MIT",
      "locked_url": "https://github.com/flox/nixpkgs?rev=567a49d1913ce81ac6e9582e3553dd90a955875f",
      "name": "markdownlint-cli-0.48.0",
      "pname": "markdownlint-cli",
      "rev": "567a49d1913ce81ac6e9582e3553dd90a955875f",
      "rev_count": 1017464,
      "rev_date": "2026-06-16T02:33:49Z",
      "scrape_date": "2026-06-17T04:47:43.426432Z",
      "stabilities": [
        "staging",
        "unstable",
        "stable"
      ],
      "unfree": false,
      "version": "0.48.0",
      "outputs_to_install": [
        "out"
      ],
      "outputs": {
        "out": "/nix/store/0rlnhilgb2h9vjr00i3vjmqvw885dwaq-markdownlint-cli-0.48.0"
      },
      "system": "x86_64-linux",
      "group": "markdownlint",
      "priority": 5
    },
    {
      "attr_path": "go",
      "broken": false,
      "derivation": "/nix/store/w6w7pzbrnk1j01afyzxjhiwirql5lq6m-go-1.26.7.drv",
      "description": "Go Programming language",
      "install_id": "go",
      "license": "BSD-3-Clause",
      "locked_url": "https://github.com/flox/nixpkgs?rev=34ab99075ac4f7e40cf037eef32cb1c360bb85e9",
      "name": "go-1.26.7",
      "pname": "go",
      "rev": "34ab99075ac4f7e40cf037eef32cb1c360bb85e9",
      "rev_count": 1064949,
      "rev_date": "2026-08-31T12:23:27Z",
      "scrape_date": "2026-09-01T04:57:41.342937Z",
      "stabilities": [
        "unstable"
      ],
      "unfree": false,
      "version": "1.26.7",
      "outputs_to_install": [
        "out"
      ],
      "outputs": {
        "out": "/nix/store/jdgrfinlrf89z3wdfa6ipr1chpny5v11-go-1.26.7"
      },
      "system": "aarch64-darwin",
      "group": "toplevel",
      "priority": 5
    },
    {
      "attr_path": "go",
      "broken": false,
      "derivation": "/nix/store/0ki6ha0r6iqi6wkzqxjam67pbdzpsfr4-go-1.26.7.drv",
      "description": "Go Programming language",
      "install_id": "go",
      "license": "BSD-3-Clause",
      "locked_url": "https://github.com/flox/nixpkgs?rev=34ab99075ac4f7e40cf037eef32cb1c360bb85e9",
      "name": "go-1.26.7",
      "pname": "go",
      "rev": "34ab99075ac4f7e40cf037eef32cb1c360bb85e9",
      "rev_count": 1064949,
      "rev_date": "2026-08-31T12:23:27Z",
      "scrape_date": "2026-09-01T05:29:17.849915Z",
      "stabilities": [
        "unstable"
      ],
      "unfree": false,
      "version": "1.26.7",
      "outputs_to_install": [
        "out"
      ],
      "outputs": {
        "out": "/nix/store/zbm0p3qbd92i7gj78rxajka9yvdrin7p-go-1.26.7"
      },
      "system": "aarch64-linux",
      "group": "toplevel",
      "priority": 5
    },
    {
      "attr_path": "go",
      "broken": false,
      "derivation": "/nix/store/ra2z8ff739aawml2iirfz76g7gxv9i8g-go-1.26.7.drv",
      "description": "Go Programming language",
      "install_id": "go",
      "license": "BSD-3-Clause",
      "locked_url": "https://github.com/flox/nixpkgs?rev=34ab99075ac4f7e40cf037eef32cb1c360bb85e9",
      "name": "go-1.26.7",
      "pname": "go",
      "rev": "34ab99075ac4f7e40cf037eef32cb1c360bb85e9",
      "rev_count": 1064949,
      "rev_date": "2026-08-31T12:23:27Z",
      "scrape_date": "2026-09-01T06:06:03.988686Z",
      "stabilities": [
        "unstable"
      ],
      "unfree": false,
      "version": "1.26.7",
      "outputs_to_install": [
        "out"
      ],
      "outputs": {
        "out": "/nix/store/i77g9dmcd399rmxk8688qfr4g2wzgk37-go-1.26.7"
      },
      "system": "x86_64-linux",
      "group": "toplevel",
      "priority": 5
    },
    {
      "attr_path": "go-task",
      "broken": false,
      "derivation": "/nix/store/6lifhbkq5k5y07q7pl0945wrrpypi0wv-go-task-3.53.1.drv",
      "description": "Task runner / simpler Make alternative written in Go",
      "install_id": "go-task",
      "license": "MIT",
      "locked_url": "https://github.com/flox/nixpkgs?rev=34ab99075ac4f7e40cf037eef32cb1c360bb85e9",
      "name": "go-task-3.53.1",
      "pname": "go-task",
      "rev": "34ab99075ac4f7e40cf037eef32cb1c360bb85e9",
      "rev_count": 1064949,
      "rev_date": "2026-08-31T12:23:27Z",
      "scrape_date": "2026-09-01T04:57:41.365027Z",
      "stabilities": [
        "unstable"
      ],
      "unfree": false,
      "version": "3.53.1",
      "outputs_to_install": [
        "out"
      ],
      "outputs": {
        "out": "/nix/store/2cp94m0qgih229db2yg2x30rwzrwdamk-go-task-3.53.1"
      },
      "system": "aarch64-darwin",
      "group": "toplevel",
      "priority": 5
    },
    {
      "attr_path": "go-task",
      "broken": false,
      "derivation": "/nix/store/vygxrrfkl5rc201mr9vxzvxb3092yx30-go-task-3.53.1.drv",
      "description": "Task runner / simpler Make alternative written in Go",
      "install_id": "go-task",
      "license": "MIT",
      "locked_url": "https://github.com/flox/nixpkgs?rev=34ab99075ac4f7e40cf037eef32cb1c360bb85e9",
      "name": "go-task-3.53.1",
      "pname": "go-task",
      "rev": "34ab99075ac4f7e40cf037eef32cb1c360bb85e9",
      "rev_count": 1064949,
      "rev_date": "2026-08-31T12:23:27Z",
      "scrape_date": "2026-09-01T05:29:17.882032Z",
      "stabilities": [
        "unstable"
      ],
      "unfree": false,
      "version": "3.53.1",
      "outputs_to_install": [
        "out"
      ],
      "outputs": {
        "out": "/nix/store/5wxmmkjhivk4lrx09acasbyffya5q640-go-task-3.53.1"
      },
      "system": "aarch64-linux",
      "group": "toplevel",
      "priority": 5
    },
    {
      "attr_path": "go-task",
      "broken": false,
      "derivation": "/nix/store/qs9lfl8yp18bhb6s0rx2wmlk34x03mih-go-task-3.53.1.drv",
      "description": "Task runner / simpler Make alternative written in Go",
      "install_id": "go-task",
      "license": "MIT",
      "locked_url": "https://github.com/flox/nixpkgs?rev=34ab99075ac4f7e40cf037eef32cb1c360bb85e9",
      "name": "go-task-3.53.1",
      "pname": "go-task",
      "rev": "34ab99075ac4f7e40cf037eef32cb1c360bb85e9",
      "rev_count": 1064949,
      "rev_date": "2026-08-31T12:23:27Z",
      "scrape_date": "2026-09-01T06:06:04.029930Z",
      "stabilities": [
        "unstable"
      ],
      "unfree": false,
      "version": "3.53.1",
      "outputs_to_install": [
        "out"
      ],
      "outputs": {
        "out": "/nix/store/bvzzl57kpmvzb6aj0v0yc45gvw8ggf2a-go-task-3.53.1"
      },
      "system": "x86_64-linux",
      "group": "toplevel",
      "priority": 5
    },
    {
      "attr_path": "golangci-lint",
      "broken": false,
      "derivation": "/nix/store/j9672bwvahxyimw39qd3kjfg9p84099k-golangci-lint-2.13.1.drv",
      "description": "Fast linters Runner for Go",
      "install_id": "golangci-lint",
      "license": "GPL-3.0-or-later",
      "locked_url": "https://github.com/flox/nixpkgs?rev=34ab99075ac4f7e40cf037eef32cb1c360bb85e9",
      "name": "golangci-lint-2.13.1",
      "pname": "golangci-lint",
      "rev": "34ab99075ac4f7e40cf037eef32cb1c360bb85e9",
      "rev_count": 1064949,
      "rev_date": "2026-08-31T12:23:27Z",
      "scrape_date": "2026-09-01T04:57:41.410431Z",
      "stabilities": [
        "unstable"
      ],
      "unfree": false,
      "version": "2.13.1",
      "outputs_to_install": [
        "out"
      ],
      "outputs": {
        "out": "/nix/store/vyl94dsc8a2vfpx0h9hs3ls3w9hfcyfa-golangci-lint-2.13.1"
      },
      "system": "aarch64-darwin",
      "group": "toplevel",
      "priority": 5
    },
    {
      "attr_path": "golangci-lint",
      "broken": false,
      "derivation": "/nix/store/3c7pfrjz093cqvbjkd3kjg49wf87x0cw-golangci-lint-2.13.1.drv",
      "description": "Fast linters Runner for Go",
      "install_id": "golangci-lint",
      "license": "GPL-3.0-or-later",
      "locked_url": "https://github.com/flox/nixpkgs?rev=34ab99075ac4f7e40cf037eef32cb1c360bb85e9",
      "name": "golangci-lint-2.13.1",
      "pname": "golangci-lint",
      "rev": "34ab99075ac4f7e40cf037eef32cb1c360bb85e9",
      "rev_count": 1064949,
      "rev_date": "2026-08-31T12:23:27Z",
      "scrape_date": "2026-09-01T05:29:17.953771Z",
      "stabilities": [
        "unstable"
      ],
      "unfree": false,
      "version": "2.13.1",
      "outputs_to_install": [
        "out"
      ],
      "outputs": {
        "out": "/nix/store/zg1nnbiiaiq65v0h4b22hqlqpqa8ja0j-golangci-lint-2.13.1"
      },
      "system": "aarch64-linux",
      "group": "toplevel",
      "priority": 5
    },
    {
      "attr_path": "golangci-lint",
      "broken": false,
      "derivation": "/nix/store/rpr5764szqpxq2dbrrg5gavxq23902wy-golangci-lint-2.13.1.drv",
      "description": "Fast linters Runner for Go",
      "install_id": "golangci-lint",
      "license": "GPL-3.0-or-later",
      "locked_url": "https://github.com/flox/nixpkgs?rev=34ab99075ac4f7e40cf037eef32cb1c360bb85e9",
      "name": "golangci-lint-2.13.1",
      "pname": "golangci-lint",
      "rev": "34ab99075ac4f7e40cf037eef32cb1c360bb85e9",
      "rev_count": 1064949,
      "rev_date": "2026-08-31T12:23:27Z",
      "scrape_date": "2026-09-01T06:06:04.109456Z",
      "stabilities": [
        "unstable"
      ],
      "unfree": false,
      "version": "2.13.1",
      "outputs_to_install": [
        "out"
      ],
      "outputs": {
        "out": "/nix/store/sqm80s7p5kx9j4ia19rw3jy41ajx1v73-golangci-lint-2.13.1"
      },
      "system": "x86_64-linux",
      "group": "toplevel",
      "priority": 5
    },
    {
      "attr_path": "goreleaser",
      "broken": false,
      "derivation": "/nix/store/0a92gyk6yij2d9w77l8p5y69dn038hh5-goreleaser-2.17.1.drv",
      "description": "Deliver Go binaries as fast and easily as possible",
      "install_id": "goreleaser",
      "license": "MIT",
      "locked_url": "https://github.com/flox/nixpkgs?rev=34ab99075ac4f7e40cf037eef32cb1c360bb85e9",
      "name": "goreleaser-2.17.1",
      "pname": "goreleaser",
      "rev": "34ab99075ac4f7e40cf037eef32cb1c360bb85e9",
      "rev_count": 1064949,
      "rev_date": "2026-08-31T12:23:27Z",
      "scrape_date": "2026-09-01T04:57:41.436831Z",
      "stabilities": [
        "unstable"
      ],
      "unfree": false,
      "version": "2.17.1",
      "outputs_to_install": [
        "out"
      ],
      "outputs": {
        "out": "/nix/store/brivs7pzf0y50f9k6ma06336smgx85f2-goreleaser-2.17.1"
      },
      "system": "aarch64-darwin",
      "group": "toplevel",
      "priority": 5
    },
    {
      "attr_path": "goreleaser",
      "broken": false,
      "derivation": "/nix/store/fp87wq7rj60i5xyajzyrk58p6z3jqpvb-goreleaser-2.17.1.drv",
      "description": "Deliver Go binaries as fast and easily as possible",
      "install_id": "goreleaser",
      "license": "MIT",
      "locked_url": "https://github.com/flox/nixpkgs?rev=34ab99075ac4f7e40cf037eef32cb1c360bb85e9",
      "name": "goreleaser-2.17.1",
      "pname": "goreleaser",
      "rev": "34ab99075ac4f7e40cf037eef32cb1c360bb85e9",
      "rev_count": 1064949,
      "rev_date": "2026-08-31T12:23:27Z",
      "scrape_date": "2026-09-01T05:29:17.995259Z",
      "stabilities": [
        "unstable"
      ],
      "unfree": false,
      "version": "2.17.1",
      "outputs_to_install": [
        "out"
      ],
      "outputs": {
        "out": "/nix/store/b7wgnz8kxzaglnxwrixch6hxy0zbl0nf-goreleaser-2.17.1"
      },
      "system": "aarch64-linux",
      "group": "toplevel",
      "priority": 5
    },
    {
      "attr_path": "goreleaser",
      "broken": false,
      "derivation": "/nix/store/f4fx71b4hr948qaaphk0yasspz9j29q7-goreleaser-2.17.1.drv",
      "description": "Deliver Go binaries as fast and easily as possible",
      "install_id": "goreleaser",
      "license": "MIT",
      "locked_url": "https://github.com/flox/nixpkgs?rev=34ab99075ac4f7e40cf037eef32cb1c360bb85e9",
      "name": "goreleaser-2.17.1",
      "pname": "goreleaser",
      "rev": "34ab99075ac4f7e40cf037eef32cb1c360bb85e9",
      "rev_count": 1064949,
      "rev_date": "2026-08-31T12:23:27Z",
      "scrape_date": "2026-09-01T06:06:04.159299Z",
      "stabilities": [
        "unstable"
      ],
      "unfree": false,
      "version": "2.17.1",
      "outputs_to_install": [
        "out"
      ],
      "outputs": {
        "out": "/nix/store/452hvj253c9fvz35n4j8lal7s46l8i04-goreleaser-2.17.1"
      },
      "system": "x86_64-linux",
      "group": "toplevel",
      "priority": 5
    },
    {
      "attr_path": "prettier",
      "broken": false,
      "derivation": "/nix/store/0515r96m0xd2m7l473wkxn67wrrwraiz-prettier-3.9.6.drv",
      "description": "Code formatter",
      "install_id": "prettier",
      "license": "MIT",
      "locked_url": "https://github.com/flox/nixpkgs?rev=34ab99075ac4f7e40cf037eef32cb1c360bb85e9",
      "name": "prettier-3.9.6",
      "pname": "prettier",
      "rev": "34ab99075ac4f7e40cf037eef32cb1c360bb85e9",
      "rev_count": 1064949,
      "rev_date": "2026-08-31T12:23:27Z",
      "scrape_date": "2026-09-01T04:58:19.963124Z",
      "stabilities": [
        "unstable"
      ],
      "unfree": false,
      "version": "3.9.6",
      "outputs_to_install": [
        "out"
      ],
      "outputs": {
        "out": "/nix/store/9j82cqj3msajb0j2kikka3x5s3sh7r0v-prettier-3.9.6"
      },
      "system": "aarch64-darwin",
      "group": "toplevel",
      "priority": 5
    },
    {
      "attr_path": "prettier",
      "broken": false,
      "derivation": "/nix/store/v9y2h1q5806qq10nslfdvmv4ka0dkv31-prettier-3.9.6.drv",
      "description": "Code formatter",
      "install_id": "prettier",
      "license": "MIT",
      "locked_url": "https://github.com/flox/nixpkgs?rev=34ab99075ac4f7e40cf037eef32cb1c360bb85e9",
      "name": "prettier-3.9.6",
      "pname": "prettier",
      "rev": "34ab99075ac4f7e40cf037eef32cb1c360bb85e9",
      "rev_count": 1064949,
      "rev_date": "2026-08-31T12:23:27Z",
      "scrape_date": "2026-09-01T05:30:14.886970Z",
      "stabilities": [
        "unstable"
      ],
      "unfree": false,
      "version": "3.9.6",
      "outputs_to_install": [
        "out"
      ],
      "outputs": {
        "out": "/nix/store/15dd37yjin93zikq6mzfb2llldb44sfv-prettier-3.9.6"
      },
      "system": "aarch64-linux",
      "group": "toplevel",
      "priority": 5
    },
    {
      "attr_path": "prettier",
      "broken": false,
      "derivation": "/nix/store/n3jjzr5crd1j9ck8qh9lknss0r3s06r9-prettier-3.9.6.drv",
      "description": "Code formatter",
      "install_id": "prettier",
      "license": "MIT",
      "locked_url": "https://github.com/flox/nixpkgs?rev=34ab99075ac4f7e40cf037eef32cb1c360bb85e9",
      "name": "prettier-3.9.6",
      "pname": "prettier",
      "rev": "34ab99075ac4f7e40cf037eef32cb1c360bb85e9",
      "rev_count": 1064949,
      "rev_date": "2026-08-31T12:23:27Z",
      "scrape_date": "2026-09-01T06:07:04.303967Z",
      "stabilities": [
        "unstable"
      ],
      "unfree": false,
      "version": "3.9.6",
      "outputs_to_install": [
        "out"
      ],
      "outputs": {
        "out": "/nix/store/adglp5sp9z99rvk57bp9fn5k3ha7pq42-prettier-3.9.6"
      },
      "system": "x86_64-linux",
      "group": "toplevel",
      "priority": 5
    },
    {
      "install_id": "adl",
      "locked-url": "github:inference-gateway/adl-cli/e42f60b44f93ee941ea5ee1270bbf7b39a831f12?narHash=sha256-ajJnsVkJ06lUDt3JajEyNLcVMk4YCT1YkRAdZu9dESw%3D",
      "flake-description": "ADL CLI - Generate enterprise-ready A2A agents from YAML",
      "locked-flake-attr-path": "packages.aarch64-darwin.default",
      "derivation": "/nix/store/y9ri9z0ky4q7qxbb9pggbk5xpng3krg7-adl-0.61.4.drv",
      "outputs": {
        "out": "/nix/store/97isw0qp29fbzb3qrnp8n8sykyf7vqb4-adl-0.61.4"
      },
      "output-names": [
        "out"
      ],
      "outputs-to-install": [
        "out"
      ],
      "requested-outputs-to-install": [],
      "package-system": "aarch64-darwin",
      "system": "aarch64-darwin",
      "name": "adl-0.61.4",
      "pname": "adl",
      "version": "0.61.4",
      "description": "Generate enterprise-ready A2A agents from YAML Agent Definition Language files",
      "licenses": [
        "MIT"
      ],
      "broken": false,
      "unfree": false,
      "priority": 5
    },
    {
      "install_id": "adl",
      "locked-url": "github:inference-gateway/adl-cli/e42f60b44f93ee941ea5ee1270bbf7b39a831f12?narHash=sha256-ajJnsVkJ06lUDt3JajEyNLcVMk4YCT1YkRAdZu9dESw%3D",
      "flake-description": "ADL CLI - Generate enterprise-ready A2A agents from YAML",
      "locked-flake-attr-path": "packages.aarch64-linux.default",
      "derivation": "/nix/store/b2va2vvpc4kffdhqqky6kngq12bfqgb1-adl-0.61.4.drv",
      "outputs": {
        "out": "/nix/store/7ndv8nc37dwzjawa5nbmb4v603w1ajnd-adl-0.61.4"
      },
      "output-names": [
        "out"
      ],
      "outputs-to-install": [
        "out"
      ],
      "requested-outputs-to-install": [],
      "package-system": "aarch64-linux",
      "system": "aarch64-linux",
      "name": "adl-0.61.4",
      "pname": "adl",
      "version": "0.61.4",
      "description": "Generate enterprise-ready A2A agents from YAML Agent Definition Language files",
      "licenses": [
        "MIT"
      ],
      "broken": false,
      "unfree": false,
      "priority": 5
    },
    {
      "install_id": "adl",
      "locked-url": "github:inference-gateway/adl-cli/e42f60b44f93ee941ea5ee1270bbf7b39a831f12?narHash=sha256-ajJnsVkJ06lUDt3JajEyNLcVMk4YCT1YkRAdZu9dESw%3D",
      "flake-description": "ADL CLI - Generate enterprise-ready A2A agents from YAML",
      "locked-flake-attr-path": "packages.x86_64-linux.default",
      "derivation": "/nix/store/1bc2941ahfckq30pm672g257a7c3kvih-adl-0.61.4.drv",
      "outputs": {
        "out": "/nix/store/h6ksq4qfgyf7a0am0w4si1bdkk9r3hkx-adl-0.61.4"
      },
      "output-names": [
        "out"
      ],
      "outputs-to-install": [
        "out"
      ],
      "requested-outputs-to-install": [],
      "package-system": "x86_64-linux",
      "system": "x86_64-linux",
      "name": "adl-0.61.4",
      "pname": "adl",
      "version": "0.61.4",
      "description": "Generate enterprise-ready A2A agents from YAML Agent Definition Language files",
      "licenses": [
        "MIT"
      ],
      "broken": false,
      "unfree": false,
      "priority": 5
    },
    {
      "install_id": "infer",
      "locked-url": "github:inference-gateway/cli/ef3889df30a9a08b1c0c0d75972dacec9cc12105?narHash=sha256-JsEkRxqGW6iUw/LdH8dvU56VOkH%2Biz1rIeHpt49qQk8%3D",
      "flake-description": "Inference Gateway CLI - infer",
      "locked-flake-attr-path": "packages.aarch64-darwin.default",
      "derivation": "/nix/store/gkhwx1ywwh65ayvcr0pinqrm5i4b7cmi-infer-0.183.0.drv",
      "outputs": {
        "out": "/nix/store/7sv3nii4hkafzmbxcd4rxars1rd441b6-infer-0.183.0"
      },
      "output-names": [
        "out"
      ],
      "outputs-to-install": [
        "out"
      ],
      "requested-outputs-to-install": [],
      "package-system": "aarch64-darwin",
      "system": "aarch64-darwin",
      "name": "infer-0.183.0",
      "pname": "infer",
      "version": "0.183.0",
      "description": "Command-line interface for the Inference Gateway - AI model interaction manager",
      "licenses": [
        "MIT"
      ],
      "broken": false,
      "unfree": false,
      "priority": 5
    },
    {
      "install_id": "infer",
      "locked-url": "github:inference-gateway/cli/ef3889df30a9a08b1c0c0d75972dacec9cc12105?narHash=sha256-JsEkRxqGW6iUw/LdH8dvU56VOkH%2Biz1rIeHpt49qQk8%3D",
      "flake-description": "Inference Gateway CLI - infer",
      "locked-flake-attr-path": "packages.aarch64-linux.default",
      "derivation": "/nix/store/ggjr0c9lziv2yz323x6kq550jgwsf2gx-infer-0.183.0.drv",
      "outputs": {
        "out": "/nix/store/nnzvchn58bz95cc4nk36a4568l04hqcj-infer-0.183.0"
      },
      "output-names": [
        "out"
      ],
      "outputs-to-install": [
        "out"
      ],
      "requested-outputs-to-install": [],
      "package-system": "aarch64-linux",
      "system": "aarch64-linux",
      "name": "infer-0.183.0",
      "pname": "infer",
      "version": "0.183.0",
      "description": "Command-line interface for the Inference Gateway - AI model interaction manager",
      "licenses": [
        "MIT"
      ],
      "broken": false,
      "unfree": false,
      "priority": 5
    },
    {
      "install_id": "infer",
      "locked-url": "github:inference-gateway/cli/ef3889df30a9a08b1c0c0d75972dacec9cc12105?narHash=sha256-JsEkRxqGW6iUw/LdH8dvU56VOkH%2Biz1rIeHpt49qQk8%3D",
      "flake-description": "Inference Gateway CLI - infer",
      "locked-flake-attr-path": "packages.x86_64-linux.default",
      "derivation": "/nix/store/7bpbyz3p1mmi78zfd49pl63v756z173i-infer-0.183.0.drv",
      "outputs": {
        "out": "/nix/store/zcn3lk108bcsb1h6x3adbqia9fygzn2h-infer-0.183.0"
      },
      "output-names": [
        "out"
      ],
      "outputs-to-install": [
        "out"
      ],
      "requested-outputs-to-install": [],
      "package-system": "x86_64-linux",
      "system": "x86_64-linux",
      "name": "infer-0.183.0",
      "pname": "infer",
      "version": "0.183.0",
      "description": "Command-line interface for the Inference Gateway - AI model interaction manager",
      "licenses": [
        "MIT"
      ],
      "broken": false,
      "unfree": false,
      "priority": 5
    }
  ]
}
